// !$*UTF8*$!
{
	archiveVersion = 1;
	classes = {
	};
	objectVersion = 46;
	objects = {

/* Begin PBXBuildFile section */
		BCFB00651DE42DA400E04090 /* main.m in Sources */ = {isa = PBXBuildFile; fileRef = BCFB00641DE42DA400E04090 /* main.m */; };
		BCFB00681DE42DA400E04090 /* AppDelegate.m in Sources */ = {isa = PBXBuildFile; fileRef = BCFB00671DE42DA400E04090 /* AppDelegate.m */; };
		BCFB006B1DE42DA400E04090 /* ViewController.m in Sources */ = {isa = PBXBuildFile; fileRef = BCFB006A1DE42DA400E04090 /* ViewController.m */; };
		BCFB006E1DE42DA400E04090 /* Main.storyboard in Resources */ = {isa = PBXBuildFile; fileRef = BCFB006C1DE42DA400E04090 /* Main.storyboard */; };
		BCFB00701DE42DA400E04090 /* Assets.xcassets in Resources */ = {isa = PBXBuildFile; fileRef = BCFB006F1DE42DA400E04090 /* Assets.xcassets */; };
		BCFB00731DE42DA400E04090 /* LaunchScreen.storyboard in Resources */ = {isa = PBXBuildFile; fileRef = BCFB00711DE42DA400E04090 /* LaunchScreen.storyboard */; };
		BCFB00811DE430A700E04090 /* KYBarrageManager.m in Sources */ = {isa = PBXBuildFile; fileRef = BCFB00801DE430A700E04090 /* KYBarrageManager.m */; };
		BCFB00841DE4310500E04090 /* KYBarrageModel.m in Sources */ = {isa = PBXBuildFile; fileRef = BCFB00831DE4310500E04090 /* KYBarrageModel.m */; };
		BCFB00871DE4312C00E04090 /* KYBarrageScene.m in Sources */ = {isa = PBXBuildFile; fileRef = BCFB00861DE4312C00E04090 /* KYBarrageScene.m */; };
/* End PBXBuildFile section */

/* Begin PBXFileReference section */
		BCEAEFDC1DE4486B0094D422 /* KYBarrageEnum.h */ = {isa = PBXFileReference; lastKnownFileType = sourcecode.c.h; path = KYBarrageEnum.h; sourceTree = "<group>"; };
		BCFB00601DE42DA400E04090 /* KYBarrageKitDemo.app */ = {isa = PBXFileReference; explicitFileType = wrapper.application; includeInIndex = 0; path = KYBarrageKitDemo.app; sourceTree = BUILT_PRODUCTS_DIR; };
		BCFB00641DE42DA400E04090 /* main.m */ = {isa = PBXFileReference; lastKnownFileType = sourcecode.c.objc; path = main.m; sourceTree = "<group>"; };
		BCFB00661DE42DA400E04090 /* AppDelegate.h */ = {isa = PBXFileReference; lastKnownFileType = sourcecode.c.h; path = AppDelegate.h; sourceTree = "<group>"; };
		BCFB00671DE42DA400E04090 /* AppDelegate.m */ = {isa = PBXFileReference; lastKnownFileType = sourcecode.c.objc; path = AppDelegate.m; sourceTree = "<group>"; };
		BCFB00691DE42DA400E04090 /* ViewController.h */ = {isa = PBXFileReference; lastKnownFileType = sourcecode.c.h; path = ViewController.h; sourceTree = "<group>"; };
		BCFB006A1DE42DA400E04090 /* ViewController.m */ = {isa = PBXFileReference; lastKnownFileType = sourcecode.c.objc; path = ViewController.m; sourceTree = "<group>"; };
		BCFB006D1DE42DA400E04090 /* Base */ = {isa = PBXFileReference; lastKnownFileType = file.storyboard; name = Base; path = Base.lproj/Main.storyboard; sourceTree = "<group>"; };
		BCFB006F1DE42DA400E04090 /* Assets.xcassets */ = {isa = PBXFileReference; lastKnownFileType = folder.assetcatalog; path = Assets.xcassets; sourceTree = "<group>"; };
		BCFB00721DE42DA400E04090 /* Base */ = {isa = PBXFileReference; lastKnownFileType = file.storyboard; name = Base; path = Base.lproj/LaunchScreen.storyboard; sourceTree = "<group>"; };
		BCFB00741DE42DA400E04090 /* Info.plist */ = {isa = PBXFileReference; lastKnownFileType = text.plist.xml; path = Info.plist; sourceTree = "<group>"; };
		BCFB007E1DE42F4900E04090 /* KYBarrageKit.h */ = {isa = PBXFileReference; lastKnownFileType = sourcecode.c.h; path = KYBarrageKit.h; sourceTree = "<group>"; };
		BCFB007F1DE430A700E04090 /* KYBarrageManager.h */ = {isa = PBXFileReference; fileEncoding = 4; lastKnownFileType = sourcecode.c.h; path = KYBarrageManager.h; sourceTree = "<group>"; };
		BCFB00801DE430A700E04090 /* KYBarrageManager.m */ = {isa = PBXFileReference; fileEncoding = 4; lastKnownFileType = sourcecode.c.objc; path = KYBarrageManager.m; sourceTree = "<group>"; };
		BCFB00821DE4310500E04090 /* KYBarrageModel.h */ = {isa = PBXFileReference; fileEncoding = 4; lastKnownFileType = sourcecode.c.h; path = KYBarrageModel.h; sourceTree = "<group>"; };
		BCFB00831DE4310500E04090 /* KYBarrageModel.m */ = {isa = PBXFileReference; fileEncoding = 4; lastKnownFileType = sourcecode.c.objc; path = KYBarrageModel.m; sourceTree = "<group>"; };
		BCFB00851DE4312C00E04090 /* KYBarrageScene.h */ = {isa = PBXFileReference; fileEncoding = 4; lastKnownFileType = sourcecode.c.h; path = KYBarrageScene.h; sourceTree = "<group>"; };
		BCFB00861DE4312C00E04090 /* KYBarrageScene.m */ = {isa = PBXFileReference; fileEncoding = 4; lastKnownFileType = sourcecode.c.objc; path = KYBarrageScene.m; sourceTree = "<group>"; };
/* End PBXFileReference section */

/* Begin PBXFrameworksBuildPhase section */
		BCFB005D1DE42DA400E04090 /* Frameworks */ = {
			isa = PBXFrameworksBuildPhase;
			buildActionMask = 2147483647;
			files = (
			);
			runOnlyForDeploymentPostprocessing = 0;
		};
/* End PBXFrameworksBuildPhase section */

/* Begin PBXGroup section */
		BCFB00571DE42DA400E04090 = {
			isa = PBXGroup;
			children = (
				BCFB00621DE42DA400E04090 /* KYBarrageKitDemo */,
				BCFB00611DE42DA400E04090 /* Products */,
			);
			sourceTree = "<group>";
		};
		BCFB00611DE42DA400E04090 /* Products */ = {
			isa = PBXGroup;
			children = (
				BCFB00601DE42DA400E04090 /* KYBarrageKitDemo.app */,
			);
			name = Products;
			sourceTree = "<group>";
		};
		BCFB00621DE42DA400E04090 /* KYBarrageKitDemo */ = {
			isa = PBXGroup;
			children = (
				BCFB007A1DE42ECE00E04090 /* KYBarrageKit */,
				BCFB00661DE42DA400E04090 /* AppDelegate.h */,
				BCFB00671DE42DA400E04090 /* AppDelegate.m */,
				BCFB00691DE42DA400E04090 /* ViewController.h */,
				BCFB006A1DE42DA400E04090 /* ViewController.m */,
				BCFB006C1DE42DA400E04090 /* Main.storyboard */,
				BCFB006F1DE42DA400E04090 /* Assets.xcassets */,
				BCFB00711DE42DA400E04090 /* LaunchScreen.storyboard */,
				BCFB00741DE42DA400E04090 /* Info.plist */,
				BCFB00631DE42DA400E04090 /* Supporting Files */,
			);
			path = KYBarrageKitDemo;
			sourceTree = "<group>";
		};
		BCFB00631DE42DA400E04090 /* Supporting Files */ = {
			isa = PBXGroup;
			children = (
				BCFB00641DE42DA400E04090 /* main.m */,
			);
			name = "Supporting Files";
			sourceTree = "<group>";
		};
		BCFB007A1DE42ECE00E04090 /* KYBarrageKit */ = {
			isa = PBXGroup;
			children = (
				BCFB007E1DE42F4900E04090 /* KYBarrageKit.h */,
				BCEAEFDC1DE4486B0094D422 /* KYBarrageEnum.h */,
				BCFB00821DE4310500E04090 /* KYBarrageModel.h */,
				BCFB00831DE4310500E04090 /* KYBarrageModel.m */,
				BCFB007F1DE430A700E04090 /* KYBarrageManager.h */,
				BCFB00801DE430A700E04090 /* KYBarrageManager.m */,
				BCFB00851DE4312C00E04090 /* KYBarrageScene.h */,
				BCFB00861DE4312C00E04090 /* KYBarrageScene.m */,
			);
			name = KYBarrageKit;
			path = ../../KYBarrageKit;
			sourceTree = "<group>";
		};
/* End PBXGroup section */

/* Begin PBXNativeTarget section */
		BCFB005F1DE42DA400E04090 /* KYBarrageKitDemo */ = {
			isa = PBXNativeTarget;
			buildConfigurationList = BCFB00771DE42DA400E04090 /* Build configuration list for PBXNativeTarget "KYBarrageKitDemo" */;
			buildPhases = (
				BCFB005C1DE42DA400E04090 /* Sources */,
				BCFB005D1DE42DA400E04090 /* Frameworks */,
				BCFB005E1DE42DA400E04090 /* Resources */,
			);
			buildRules = (
			);
			dependencies = (
			);
			name = KYBarrageKitDemo;
			productName = KYBarrageKitDemo;
			productReference = BCFB00601DE42DA400E04090 /* KYBarrageKitDemo.app */;
			productType = "com.apple.product-type.application";
		};
/* End PBXNativeTarget section */

/* Begin PBXProject section */
		BCFB00581DE42DA400E04090 /* Project object */ = {
			isa = PBXProject;
			attributes = {
				LastUpgradeCheck = 0810;
				ORGANIZATIONNAME = "KYBarrageKit  Software (https://github.com/kingly09/KYBarrageKit) by kingly inc.\n\n//\n// Permission is hereby granted, free of charge, to any person obtaining a copy\n// of this software and associated documentation files (the \"Software\"), to deal\n// in the Software without restriction, including without limitation the rights\n// to use, copy, modify, merge, publish, distribute, sublicense, and/or sell\n// copies of the Software, and to permit persons to whom the Software is\n// furnished to do so, subject to the following conditions:\n//\n// The above copyright notice and this permission notice shall be included in\n// all copies or substantial portions of the Software.\n//\n// THE SOFTWARE IS PROVIDED \"AS IS\", WITHOUT WARRANTY OF ANY KIND, EXPRESS OR\n// IMPLIED, INCLUDING BUT NOT LIMITED TO THE WARRANTIES OF MERCHANTABILITY,\n// FITNESS FOR A PARTICULAR PURPOSE AND NONINFRINGEMENT. IN NO EVENT SHALL THE\n// AUTHORS OR COPYRIGHT HOLDERS BE LIABLE FOR ANY CLAIM, DAMAGES OR OTHER\n// LIABILITY, WHETHER IN AN ACTION OF CONTRACT, TORT OR OTHERWISE, ARISING FROM,\n// OUT OF OR IN CONNECTION WITH THE SOFTWARE OR THE USE OR OTHER DEALINGS IN\n// THE SOFTWARE.";
				TargetAttributes = {
					BCFB005F1DE42DA400E04090 = {
						CreatedOnToolsVersion = 8.1;
						DevelopmentTeam = V446K9WVQL;
						ProvisioningStyle = Automatic;
					};
				};
			};
			buildConfigurationList = BCFB005B1DE42DA400E04090 /* Build configuration list for PBXProject "KYBarrageKitDemo" */;
			compatibilityVersion = "Xcode 3.2";
			developmentRegion = English;
			hasScannedForEncodings = 0;
			knownRegions = (
				en,
				Base,
			);
			mainGroup = BCFB00571DE42DA400E04090;
			productRefGroup = BCFB00611DE42DA400E04090 /* Products */;
			projectDirPath = "";
			projectRoot = "";
			targets = (
				BCFB005F1DE42DA400E04090 /* KYBarrageKitDemo */,
			);
		};
/* End PBXProject section */

/* Begin PBXResourcesBuildPhase section */
		BCFB005E1DE42DA400E04090 /* Resources */ = {
			isa = PBXResourcesBuildPhase;
			buildActionMask = 2147483647;
			files = (
				BCFB00731DE42DA400E04090 /* LaunchScreen.storyboard in Resources */,
				BCFB00701DE42DA400E04090 /* Assets.xcassets in Resources */,
				BCFB006E1DE42DA400E04090 /* Main.storyboard in Resources */,
			);
			runOnlyForDeploymentPostprocessing = 0;
		};
/* End PBXResourcesBuildPhase section */

/* Begin PBXSourcesBuildPhase section */
		BCFB005C1DE42DA400E04090 /* Sources */ = {
			isa = PBXSourcesBuildPhase;
			buildActionMask = 2147483647;
			files = (
				BCFB00811DE430A700E04090 /* KYBarrageManager.m in Sources */,
				BCFB006B1DE42DA400E04090 /* ViewController.m in Sources */,
				BCFB00841DE4310500E04090 /* KYBarrageModel.m in Sources */,
				BCFB00871DE4312C00E04090 /* KYBarrageScene.m in Sources */,
				BCFB00681DE42DA400E04090 /* AppDelegate.m in Sources */,
				BCFB00651DE42DA400E04090 /* main.m in Sources */,
			);
			runOnlyForDeploymentPostprocessing = 0;
		};
/* End PBXSourcesBuildPhase section */

/* Begin PBXVariantGroup section */
		BCFB006C1DE42DA400E04090 /* Main.storyboard */ = {
			isa = PBXVariantGroup;
			children = (
				BCFB006D1DE42DA400E04090 /* Base */,
			);
			name = Main.storyboard;
			sourceTree = "<group>";
		};
		BCFB00711DE42DA400E04090 /* LaunchScreen.storyboard */ = {
			isa = PBXVariantGroup;
			children = (
				BCFB00721DE42DA400E04090 /* Base */,
			);
			name = LaunchScreen.storyboard;
			sourceTree = "<group>";
		};
/* End PBXVariantGroup section */

/* Begin XCBuildConfiguration section */
		BCFB00751DE42DA400E04090 /* Debug */ = {
			isa = XCBuildConfiguration;
			buildSettings = {
				ALWAYS_SEARCH_USER_PATHS = NO;
				CLANG_ANALYZER_NONNULL = YES;
				CLANG_CXX_LANGUAGE_STANDARD = "gnu++0x";
				CLANG_CXX_LIBRARY = "libc++";
				CLANG_ENABLE_MODULES = YES;
				CLANG_ENABLE_OBJC_ARC = YES;
				CLANG_WARN_BOOL_CONVERSION = YES;
				CLANG_WARN_CONSTANT_CONVERSION = YES;
				CLANG_WARN_DIRECT_OBJC_ISA_USAGE = YES_ERROR;
				CLANG_WARN_DOCUMENTATION_COMMENTS = YES;
				CLANG_WARN_EMPTY_BODY = YES;
				CLANG_WARN_ENUM_CONVERSION = YES;
				CLANG_WARN_INFINITE_RECURSION = YES;
				CLANG_WARN_INT_CONVERSION = YES;
				CLANG_WARN_OBJC_ROOT_CLASS = YES_ERROR;
				CLANG_WARN_SUSPICIOUS_MOVES = YES;
				CLANG_WARN_UNREACHABLE_CODE = YES;
				CLANG_WARN__DUPLICATE_METHOD_MATCH = YES;
				"CODE_SIGN_IDENTITY[sdk=iphoneos*]" = "iPhone Developer";
				COPY_PHASE_STRIP = NO;
				DEBUG_INFORMATION_FORMAT = dwarf;
				ENABLE_STRICT_OBJC_MSGSEND = YES;
				ENABLE_TESTABILITY = YES;
				GCC_C_LANGUAGE_STANDARD = gnu99;
				GCC_DYNAMIC_NO_PIC = NO;
				GCC_NO_COMMON_BLOCKS = YES;
				GCC_OPTIMIZATION_LEVEL = 0;
				GCC_PREPROCESSOR_DEFINITIONS = (
					"DEBUG=1",
					"$(inherited)",
				);
				GCC_WARN_64_TO_32_BIT_CONVERSION = YES;
				GCC_WARN_ABOUT_RETURN_TYPE = YES_ERROR;
				GCC_WARN_UNDECLARED_SELECTOR = YES;
				GCC_WARN_UNINITIALIZED_AUTOS = YES_AGGRESSIVE;
				GCC_WARN_UNUSED_FUNCTION = YES;
				GCC_WARN_UNUSED_VARIABLE = YES;
				IPHONEOS_DEPLOYMENT_TARGET = 10.1;
				MTL_ENABLE_DEBUG_INFO = YES;
				ONLY_ACTIVE_ARCH = YES;
				SDKROOT = iphoneos;
				TARGETED_DEVICE_FAMILY = "1,2";
			};
			name = Debug;
		};
		BCFB00761DE42DA400E04090 /* Release */ = {
			isa = XCBuildConfiguration;
			buildSettings = {
				ALWAYS_SEARCH_USER_PATHS = NO;
				CLANG_ANALYZER_NONNULL = YES;
				CLANG_CXX_LANGUAGE_STANDARD = "gnu++0x";
				CLANG_CXX_LIBRARY = "libc++";
				CLANG_ENABLE_MODULES = YES;
				CLANG_ENABLE_OBJC_ARC = YES;
				CLANG_WARN_BOOL_CONVERSION = YES;
				CLANG_WARN_CONSTANT_CONVERSION = YES;
				CLANG_WARN_DIRECT_OBJC_ISA_USAGE = YES_ERROR;
				CLANG_WARN_DOCUMENTATION_COMMENTS = YES;
				CLANG_WARN_EMPTY_BODY = YES;
				CLANG_WARN_ENUM_CONVERSION = YES;
				CLANG_WARN_INFINITE_RECURSION = YES;
				CLANG_WARN_INT_CONVERSION = YES;
				CLANG_WARN_OBJC_ROOT_CLASS = YES_ERROR;
				CLANG_WARN_SUSPICIOUS_MOVES = YES;
				CLANG_WARN_UNREACHABLE_CODE = YES;
				CLANG_WARN__DUPLICATE_METHOD_MATCH = YES;
				"CODE_SIGN_IDENTITY[sdk=iphoneos*]" = "iPhone Developer";
				COPY_PHASE_STRIP = NO;
				DEBUG_INFORMATION_FORMAT = "dwarf-with-dsym";
				ENABLE_NS_ASSERTIONS = NO;
				ENABLE_STRICT_OBJC_MSGSEND = YES;
				GCC_C_LANGUAGE_STANDARD = gnu99;
				GCC_NO_COMMON_BLOCKS = YES;
				GCC_WARN_64_TO_32_BIT_CONVERSION = YES;
				GCC_WARN_ABOUT_RETURN_TYPE = YES_ERROR;
				GCC_WARN_UNDECLARED_SELECTOR = YES;
				GCC_WARN_UNINITIALIZED_AUTOS = YES_AGGRESSIVE;
				GCC_WARN_UNUSED_FUNCTION = YES;
				GCC_WARN_UNUSED_VARIABLE = YES;
				IPHONEOS_DEPLOYMENT_TARGET = 10.1;
				MTL_ENABLE_DEBUG_INFO = NO;
				SDKROOT = iphoneos;
				TARGETED_DEVICE_FAMILY = "1,2";
				VALIDATE_PRODUCT = YES;
			};
			name = Release;
		};
		BCFB00781DE42DA400E04090 /* Debug */ = {
			isa = XCBuildConfiguration;
			buildSettings = {
				ASSETCATALOG_COMPILER_APPICON_NAME = AppIcon;
				DEVELOPMENT_TEAM = V446K9WVQL;
				INFOPLIST_FILE = KYBarrageKitDemo/Info.plist;
				IPHONEOS_DEPLOYMENT_TARGET = 7.0;
				LD_RUNPATH_SEARCH_PATHS = "$(inherited) @executable_path/Frameworks";
				PRODUCT_BUNDLE_IDENTIFIER = com.kingly09.KYBarrageKitDemo;
				PRODUCT_NAME = "$(TARGET_NAME)";
			};
			name = Debug;
		};
		BCFB00791DE42DA400E04090 /* Release */ = {
			isa = XCBuildConfiguration;
			buildSettings = {
				ASSETCATALOG_COMPILER_APPICON_NAME = AppIcon;
				DEVELOPMENT_TEAM = V446K9WVQL;
				INFOPLIST_FILE = KYBarrageKitDemo/Info.plist;
				IPHONEOS_DEPLOYMENT_TARGET = 7.0;
				LD_RUNPATH_SEARCH_PATHS = "$(inherited) @executable_path/Frameworks";
				PRODUCT_BUNDLE_IDENTIFIER = com.kingly09.KYBarrageKitDemo;
				PRODUCT_NAME = "$(TARGET_NAME)";
			};
			name = Release;
		};
/* End XCBuildConfiguration section */

/* Begin XCConfigurationList section */
		BCFB005B1DE42DA400E04090 /* Build configuration list for PBXProject "KYBarrageKitDemo" */ = {
			isa = XCConfigurationList;
			buildConfigurations = (
				BCFB00751DE42DA400E04090 /* Debug */,
				BCFB00761DE42DA400E04090 /* Release */,
			);
			defaultConfigurationIsVisible = 0;
			defaultConfigurationName = Release;
		};
		BCFB00771DE42DA400E04090 /* Build configuration list for PBXNativeTarget "KYBarrageKitDemo" */ = {
			isa = XCConfigurationList;
			buildConfigurations = (
				BCFB00781DE42DA400E04090 /* Debug */,
				BCFB00791DE42DA400E04090 /* Release */,
			);
			defaultConfigurationIsVisible = 0;
			defaultConfigurationName = Release;
		};
/* End XCConfigurationList section */
	};
	rootObject = BCFB00581DE42DA400E04090 /* Project object */;
}
